
Microsoft Visual Studio Solution File, Format Version 12.00
# Visual Studio Version 17
VisualStudioVersion = 17.2.32630.192
MinimumVisualStudioVersion = 10.0.40219.1
Project("{FAE04EC0-301F-11D3-BF4B-00C04F79EFBC}") = "IWantApp", "IWantApp.csproj", "{DD79C8B3-2858-42F6-BCCC-75B0AB2AAB25}"
EndProject
Global
	GlobalSection(SolutionConfigurationPlatforms) = preSolution
		Debug|Any CPU = Debug|Any CPU
		Release|Any CPU = Release|Any CPU
	EndGlobalSection
	GlobalSection(ProjectConfigurationPlatforms) = postSolution
		{DD79C8B3-2858-42F6-BCCC-75B0AB2AAB25}.Debug|Any CPU.ActiveCfg = Debug|Any CPU
		{DD79C8B3-2858-42F6-BCCC-75B0AB2AAB25}.Debug|Any CPU.Build.0 = Debug|Any CPU
		{DD79C8B3-2858-42F6-BCCC-75B0AB2AAB25}.Release|Any CPU.ActiveCfg = Release|Any CPU
		{DD79C8B3-2858-42F6-BCCC-75B0AB2AAB25}.Release|Any CPU.Build.0 = Release|Any CPU
	EndGlobalSection
	GlobalSection(SolutionProperties) = preSolution
		HideSolutionNode = FALSE
	EndGlobalSection
	GlobalSection(ExtensibilityGlobals) = postSolution
		SolutionGuid = {D4B34838-A53D-4777-AEFB-C519152C3B09}
	EndGlobalSection
EndGlobal
